
Microsoft Visual Studio Solution File, Format Version 12.00
# Visual Studio Version 17
VisualStudioVersion = 17.5.33530.505
MinimumVisualStudioVersion = 10.0.40219.1
Project("{FAE04EC0-301F-11D3-BF4B-00C04F79EFBC}") = "NutritionReverseLookupAppDemo", "NutritionReverseLookupAppDemo\NutritionReverseLookupAppDemo.csproj", "{32F36B4A-583C-4529-9E76-299FC5CB04C9}"
EndProject
Global
	GlobalSection(SolutionConfigurationPlatforms) = preSolution
		Debug|Any CPU = Debug|Any CPU
		Release|Any CPU = Release|Any CPU
	EndGlobalSection
	GlobalSection(ProjectConfigurationPlatforms) = postSolution
		{32F36B4A-583C-4529-9E76-299FC5CB04C9}.Debug|Any CPU.ActiveCfg = Debug|Any CPU
		{32F36B4A-583C-4529-9E76-299FC5CB04C9}.Debug|Any CPU.Build.0 = Debug|Any CPU
		{32F36B4A-583C-4529-9E76-299FC5CB04C9}.Release|Any CPU.ActiveCfg = Release|Any CPU
		{32F36B4A-583C-4529-9E76-299FC5CB04C9}.Release|Any CPU.Build.0 = Release|Any CPU
	EndGlobalSection
	GlobalSection(SolutionProperties) = preSolution
		HideSolutionNode = FALSE
	EndGlobalSection
	GlobalSection(ExtensibilityGlobals) = postSolution
		SolutionGuid = {21DB5AF5-848A-4C44-ABFE-BA386C75A3BF}
	EndGlobalSection
EndGlobal
